// !$*UTF8*$!
{
	archiveVersion = 1;
	classes = {
	};
	objectVersion = 46;
	objects = {

/* Begin PBXBuildFile section */
		3972ABFC09E9C416D120B076 /* Pods_Am_I_Ready.framework in Frameworks */ = {isa = PBXBuildFile; fileRef = AE67EA413F8B5236813F7EF0 /* Pods_Am_I_Ready.framework */; };
		69BAB14FC35EC206FD00AC41 /* Pods_Am_I_ReadyUITests.framework in Frameworks */ = {isa = PBXBuildFile; fileRef = 5B24DD905C50C3B2C1A0C7AD /* Pods_Am_I_ReadyUITests.framework */; };
		6D66D4D80D4294C0AD348C03 /* UserTasksViewController.swift in Sources */ = {isa = PBXBuildFile; fileRef = 6D66DAD3E7FE9DE19BF075E3 /* UserTasksViewController.swift */; };
		6D66D538E8A8494AE5A8690A /* UserTaskViewModel.swift in Sources */ = {isa = PBXBuildFile; fileRef = 6D66DD255889D70B4F6DD093 /* UserTaskViewModel.swift */; };
		6D66D68A496796506CFD6FC1 /* CardView.swift in Sources */ = {isa = PBXBuildFile; fileRef = 6D66D2CF5384307A2CC3FE85 /* CardView.swift */; };
		6D66D7B5592013DD515539E7 /* TaskFactory.swift in Sources */ = {isa = PBXBuildFile; fileRef = 6D66D88905F475DE5591205C /* TaskFactory.swift */; };
		6D66DA9F9BB5ED9302A4FCBD /* Configurable.swift in Sources */ = {isa = PBXBuildFile; fileRef = 6D66D593DA059B586584F15A /* Configurable.swift */; };
		6D66DBC4B9D1B7F17B23C4A3 /* RoundButton.swift in Sources */ = {isa = PBXBuildFile; fileRef = 6D66D85308DA029B9207165C /* RoundButton.swift */; };
		6D66DBE31DFE7E950AA2DDA9 /* TaskHeaderCellViewModel.swift in Sources */ = {isa = PBXBuildFile; fileRef = 6D66D55F62CD5E581ED0F03A /* TaskHeaderCellViewModel.swift */; };
		6D66DC106434900EB944D224 /* Tasks.swift in Sources */ = {isa = PBXBuildFile; fileRef = 6D66D89A3D0529957C8CECE1 /* Tasks.swift */; };
		6D66DC7B54F74F9575895A5A /* TaskRepository.swift in Sources */ = {isa = PBXBuildFile; fileRef = 6D66DA9AC2B79693F5F975B8 /* TaskRepository.swift */; };
		6D66DC9F9AA853D8C8277B56 /* TaskCell.swift in Sources */ = {isa = PBXBuildFile; fileRef = 6D66DEC8D597D487C4DE3087 /* TaskCell.swift */; };
		6D66DE2E06521E056C185221 /* TaskHeaderCell.swift in Sources */ = {isa = PBXBuildFile; fileRef = 6D66D5A8E91A2367CEC6D04B /* TaskHeaderCell.swift */; };
		6D66DF4F2E0F0ABBD2A8F78E /* TaskResource.swift in Sources */ = {isa = PBXBuildFile; fileRef = 6D66D3DB229A3346FA69F811 /* TaskResource.swift */; };
		73FD261352E8A9EC8074CEBF /* DateUtils.swift in Sources */ = {isa = PBXBuildFile; fileRef = 73FD29073A8D3E98634AAA0E /* DateUtils.swift */; };
		73FD2DD21E9E794D468D6523 /* Fetcher.swift in Sources */ = {isa = PBXBuildFile; fileRef = 73FD2366103B2391C8B7668D /* Fetcher.swift */; };
		90C284F12059D94E003C7401 /* UserRepository.swift in Sources */ = {isa = PBXBuildFile; fileRef = 90C284F02059D94E003C7401 /* UserRepository.swift */; };
		BE38179E65E8F44E766E574B /* Pods_Am_I_ReadyTests.framework in Frameworks */ = {isa = PBXBuildFile; fileRef = 6D83909761606EB10D1275F2 /* Pods_Am_I_ReadyTests.framework */; };
		E45797D81F706EEA00BAB6EA /* AppDelegate.swift in Sources */ = {isa = PBXBuildFile; fileRef = E45797D71F706EEA00BAB6EA /* AppDelegate.swift */; };
		E45797DA1F706EEA00BAB6EA /* UserSelectViewController.swift in Sources */ = {isa = PBXBuildFile; fileRef = E45797D91F706EEA00BAB6EA /* UserSelectViewController.swift */; };
		E45797DD1F706EEA00BAB6EA /* Main.storyboard in Resources */ = {isa = PBXBuildFile; fileRef = E45797DB1F706EEA00BAB6EA /* Main.storyboard */; };
		E45797DF1F706EEA00BAB6EA /* Assets.xcassets in Resources */ = {isa = PBXBuildFile; fileRef = E45797DE1F706EEA00BAB6EA /* Assets.xcassets */; };
		E45797E21F706EEA00BAB6EA /* LaunchScreen.storyboard in Resources */ = {isa = PBXBuildFile; fileRef = E45797E01F706EEA00BAB6EA /* LaunchScreen.storyboard */; };
		E45797ED1F706EEB00BAB6EA /* Am_I_ReadyTests.swift in Sources */ = {isa = PBXBuildFile; fileRef = E45797EC1F706EEB00BAB6EA /* Am_I_ReadyTests.swift */; };
		E45797F81F706EEB00BAB6EA /* Am_I_ReadyUITests.swift in Sources */ = {isa = PBXBuildFile; fileRef = E45797F71F706EEB00BAB6EA /* Am_I_ReadyUITests.swift */; };
		E45798071F706F7C00BAB6EA /* Task.swift in Sources */ = {isa = PBXBuildFile; fileRef = E45798061F706F7C00BAB6EA /* Task.swift */; };
		E45BA047202E86230090F6DC /* R.generated.swift in Sources */ = {isa = PBXBuildFile; fileRef = E45BA046202E86230090F6DC /* R.generated.swift */; };
		E47FDC721F78FF300058B28A /* CloudKit.framework in Frameworks */ = {isa = PBXBuildFile; fileRef = E47FDC711F78FF300058B28A /* CloudKit.framework */; };
		E48666F52053B89100FA4EC8 /* UIView+extension.swift in Sources */ = {isa = PBXBuildFile; fileRef = E48666F42053B89100FA4EC8 /* UIView+extension.swift */; };
		E48666F72053C3DA00FA4EC8 /* User.swift in Sources */ = {isa = PBXBuildFile; fileRef = E48666F62053C3DA00FA4EC8 /* User.swift */; };
		E48666F92053C3FE00FA4EC8 /* UserSelectCell.swift in Sources */ = {isa = PBXBuildFile; fileRef = E48666F82053C3FE00FA4EC8 /* UserSelectCell.swift */; };
		E48666FB2053C41B00FA4EC8 /* NavController.swift in Sources */ = {isa = PBXBuildFile; fileRef = E48666FA2053C41B00FA4EC8 /* NavController.swift */; };
/* End PBXBuildFile section */

/* Begin PBXContainerItemProxy section */
		E45797E91F706EEB00BAB6EA /* PBXContainerItemProxy */ = {
			isa = PBXContainerItemProxy;
			containerPortal = E45797CC1F706EEA00BAB6EA /* Project object */;
			proxyType = 1;
			remoteGlobalIDString = E45797D31F706EEA00BAB6EA;
			remoteInfo = "Am I Ready";
		};
		E45797F41F706EEB00BAB6EA /* PBXContainerItemProxy */ = {
			isa = PBXContainerItemProxy;
			containerPortal = E45797CC1F706EEA00BAB6EA /* Project object */;
			proxyType = 1;
			remoteGlobalIDString = E45797D31F706EEA00BAB6EA;
			remoteInfo = "Am I Ready";
		};
/* End PBXContainerItemProxy section */

/* Begin PBXFileReference section */
		3D315E0D966EFF5C00F10F69 /* Pods-Am I Ready.debug.xcconfig */ = {isa = PBXFileReference; includeInIndex = 1; lastKnownFileType = text.xcconfig; name = "Pods-Am I Ready.debug.xcconfig"; path = "Pods/Target Support Files/Pods-Am I Ready/Pods-Am I Ready.debug.xcconfig"; sourceTree = "<group>"; };
		5B24DD905C50C3B2C1A0C7AD /* Pods_Am_I_ReadyUITests.framework */ = {isa = PBXFileReference; explicitFileType = wrapper.framework; includeInIndex = 0; path = Pods_Am_I_ReadyUITests.framework; sourceTree = BUILT_PRODUCTS_DIR; };
		63027AEEE34316FF273E5205 /* Pods-Am I ReadyUITests.release.xcconfig */ = {isa = PBXFileReference; includeInIndex = 1; lastKnownFileType = text.xcconfig; name = "Pods-Am I ReadyUITests.release.xcconfig"; path = "Pods/Target Support Files/Pods-Am I ReadyUITests/Pods-Am I ReadyUITests.release.xcconfig"; sourceTree = "<group>"; };
		6D66D2CF5384307A2CC3FE85 /* CardView.swift */ = {isa = PBXFileReference; fileEncoding = 4; lastKnownFileType = sourcecode.swift; path = CardView.swift; sourceTree = "<group>"; };
		6D66D3DB229A3346FA69F811 /* TaskResource.swift */ = {isa = PBXFileReference; fileEncoding = 4; lastKnownFileType = sourcecode.swift; path = TaskResource.swift; sourceTree = "<group>"; };
		6D66D55F62CD5E581ED0F03A /* TaskHeaderCellViewModel.swift */ = {isa = PBXFileReference; fileEncoding = 4; lastKnownFileType = sourcecode.swift; path = TaskHeaderCellViewModel.swift; sourceTree = "<group>"; };
		6D66D593DA059B586584F15A /* Configurable.swift */ = {isa = PBXFileReference; fileEncoding = 4; lastKnownFileType = sourcecode.swift; path = Configurable.swift; sourceTree = "<group>"; };
		6D66D5A8E91A2367CEC6D04B /* TaskHeaderCell.swift */ = {isa = PBXFileReference; fileEncoding = 4; lastKnownFileType = sourcecode.swift; path = TaskHeaderCell.swift; sourceTree = "<group>"; };
		6D66D85308DA029B9207165C /* RoundButton.swift */ = {isa = PBXFileReference; fileEncoding = 4; lastKnownFileType = sourcecode.swift; path = RoundButton.swift; sourceTree = "<group>"; };
		6D66D88905F475DE5591205C /* TaskFactory.swift */ = {isa = PBXFileReference; fileEncoding = 4; lastKnownFileType = sourcecode.swift; path = TaskFactory.swift; sourceTree = "<group>"; };
		6D66D89A3D0529957C8CECE1 /* Tasks.swift */ = {isa = PBXFileReference; fileEncoding = 4; lastKnownFileType = sourcecode.swift; path = Tasks.swift; sourceTree = "<group>"; };
		6D66DA9AC2B79693F5F975B8 /* TaskRepository.swift */ = {isa = PBXFileReference; fileEncoding = 4; lastKnownFileType = sourcecode.swift; path = TaskRepository.swift; sourceTree = "<group>"; };
		6D66DAD3E7FE9DE19BF075E3 /* UserTasksViewController.swift */ = {isa = PBXFileReference; fileEncoding = 4; lastKnownFileType = sourcecode.swift; path = UserTasksViewController.swift; sourceTree = "<group>"; };
		6D66DD255889D70B4F6DD093 /* UserTaskViewModel.swift */ = {isa = PBXFileReference; fileEncoding = 4; lastKnownFileType = sourcecode.swift; path = UserTaskViewModel.swift; sourceTree = "<group>"; };
		6D66DEC8D597D487C4DE3087 /* TaskCell.swift */ = {isa = PBXFileReference; fileEncoding = 4; lastKnownFileType = sourcecode.swift; path = TaskCell.swift; sourceTree = "<group>"; };
		6D83909761606EB10D1275F2 /* Pods_Am_I_ReadyTests.framework */ = {isa = PBXFileReference; explicitFileType = wrapper.framework; includeInIndex = 0; path = Pods_Am_I_ReadyTests.framework; sourceTree = BUILT_PRODUCTS_DIR; };
		73FD2366103B2391C8B7668D /* Fetcher.swift */ = {isa = PBXFileReference; fileEncoding = 4; lastKnownFileType = sourcecode.swift; path = Fetcher.swift; sourceTree = "<group>"; };
		73FD29073A8D3E98634AAA0E /* DateUtils.swift */ = {isa = PBXFileReference; fileEncoding = 4; lastKnownFileType = sourcecode.swift; path = DateUtils.swift; sourceTree = "<group>"; };
		87E83F788CD6FBB701501E89 /* Pods-Am I ReadyTests.release.xcconfig */ = {isa = PBXFileReference; includeInIndex = 1; lastKnownFileType = text.xcconfig; name = "Pods-Am I ReadyTests.release.xcconfig"; path = "Pods/Target Support Files/Pods-Am I ReadyTests/Pods-Am I ReadyTests.release.xcconfig"; sourceTree = "<group>"; };
		90C284F02059D94E003C7401 /* UserRepository.swift */ = {isa = PBXFileReference; lastKnownFileType = sourcecode.swift; path = UserRepository.swift; sourceTree = "<group>"; };
		9D57B77B291C7F3B360E8AED /* Pods-Am I Ready.release.xcconfig */ = {isa = PBXFileReference; includeInIndex = 1; lastKnownFileType = text.xcconfig; name = "Pods-Am I Ready.release.xcconfig"; path = "Pods/Target Support Files/Pods-Am I Ready/Pods-Am I Ready.release.xcconfig"; sourceTree = "<group>"; };
		AE67EA413F8B5236813F7EF0 /* Pods_Am_I_Ready.framework */ = {isa = PBXFileReference; explicitFileType = wrapper.framework; includeInIndex = 0; path = Pods_Am_I_Ready.framework; sourceTree = BUILT_PRODUCTS_DIR; };
		C504A5E527551C379D2482B0 /* Pods-Am I ReadyUITests.debug.xcconfig */ = {isa = PBXFileReference; includeInIndex = 1; lastKnownFileType = text.xcconfig; name = "Pods-Am I ReadyUITests.debug.xcconfig"; path = "Pods/Target Support Files/Pods-Am I ReadyUITests/Pods-Am I ReadyUITests.debug.xcconfig"; sourceTree = "<group>"; };
		D75E24E0BC0BA85E6736FA9D /* Pods-Am I ReadyTests.debug.xcconfig */ = {isa = PBXFileReference; includeInIndex = 1; lastKnownFileType = text.xcconfig; name = "Pods-Am I ReadyTests.debug.xcconfig"; path = "Pods/Target Support Files/Pods-Am I ReadyTests/Pods-Am I ReadyTests.debug.xcconfig"; sourceTree = "<group>"; };
		E45797D41F706EEA00BAB6EA /* Am I Ready.app */ = {isa = PBXFileReference; explicitFileType = wrapper.application; includeInIndex = 0; path = "Am I Ready.app"; sourceTree = BUILT_PRODUCTS_DIR; };
		E45797D71F706EEA00BAB6EA /* AppDelegate.swift */ = {isa = PBXFileReference; lastKnownFileType = sourcecode.swift; path = AppDelegate.swift; sourceTree = "<group>"; };
		E45797D91F706EEA00BAB6EA /* UserSelectViewController.swift */ = {isa = PBXFileReference; lastKnownFileType = sourcecode.swift; path = UserSelectViewController.swift; sourceTree = "<group>"; };
		E45797DC1F706EEA00BAB6EA /* Base */ = {isa = PBXFileReference; lastKnownFileType = file.storyboard; name = Base; path = Base.lproj/Main.storyboard; sourceTree = "<group>"; };
		E45797DE1F706EEA00BAB6EA /* Assets.xcassets */ = {isa = PBXFileReference; lastKnownFileType = folder.assetcatalog; path = Assets.xcassets; sourceTree = "<group>"; };
		E45797E11F706EEA00BAB6EA /* Base */ = {isa = PBXFileReference; lastKnownFileType = file.storyboard; name = Base; path = Base.lproj/LaunchScreen.storyboard; sourceTree = "<group>"; };
		E45797E31F706EEA00BAB6EA /* Info.plist */ = {isa = PBXFileReference; lastKnownFileType = text.plist.xml; path = Info.plist; sourceTree = "<group>"; };
		E45797E81F706EEB00BAB6EA /* Am I ReadyTests.xctest */ = {isa = PBXFileReference; explicitFileType = wrapper.cfbundle; includeInIndex = 0; path = "Am I ReadyTests.xctest"; sourceTree = BUILT_PRODUCTS_DIR; };
		E45797EC1F706EEB00BAB6EA /* Am_I_ReadyTests.swift */ = {isa = PBXFileReference; lastKnownFileType = sourcecode.swift; path = Am_I_ReadyTests.swift; sourceTree = "<group>"; };
		E45797EE1F706EEB00BAB6EA /* Info.plist */ = {isa = PBXFileReference; lastKnownFileType = text.plist.xml; path = Info.plist; sourceTree = "<group>"; };
		E45797F31F706EEB00BAB6EA /* Am I ReadyUITests.xctest */ = {isa = PBXFileReference; explicitFileType = wrapper.cfbundle; includeInIndex = 0; path = "Am I ReadyUITests.xctest"; sourceTree = BUILT_PRODUCTS_DIR; };
		E45797F71F706EEB00BAB6EA /* Am_I_ReadyUITests.swift */ = {isa = PBXFileReference; lastKnownFileType = sourcecode.swift; path = Am_I_ReadyUITests.swift; sourceTree = "<group>"; };
		E45797F91F706EEB00BAB6EA /* Info.plist */ = {isa = PBXFileReference; lastKnownFileType = text.plist.xml; path = Info.plist; sourceTree = "<group>"; };
		E45798061F706F7C00BAB6EA /* Task.swift */ = {isa = PBXFileReference; fileEncoding = 4; lastKnownFileType = sourcecode.swift; path = Task.swift; sourceTree = "<group>"; };
		E45BA046202E86230090F6DC /* R.generated.swift */ = {isa = PBXFileReference; fileEncoding = 4; lastKnownFileType = sourcecode.swift; path = R.generated.swift; sourceTree = SOURCE_ROOT; };
		E47FDC6F1F78FC960058B28A /* Am I Ready.entitlements */ = {isa = PBXFileReference; lastKnownFileType = text.plist.entitlements; path = "Am I Ready.entitlements"; sourceTree = "<group>"; };
		E47FDC711F78FF300058B28A /* CloudKit.framework */ = {isa = PBXFileReference; lastKnownFileType = wrapper.framework; name = CloudKit.framework; path = System/Library/Frameworks/CloudKit.framework; sourceTree = SDKROOT; };
		E48666F42053B89100FA4EC8 /* UIView+extension.swift */ = {isa = PBXFileReference; lastKnownFileType = sourcecode.swift; path = "UIView+extension.swift"; sourceTree = "<group>"; };
		E48666F62053C3DA00FA4EC8 /* User.swift */ = {isa = PBXFileReference; lastKnownFileType = sourcecode.swift; path = User.swift; sourceTree = "<group>"; };
		E48666F82053C3FE00FA4EC8 /* UserSelectCell.swift */ = {isa = PBXFileReference; lastKnownFileType = sourcecode.swift; path = UserSelectCell.swift; sourceTree = "<group>"; };
		E48666FA2053C41B00FA4EC8 /* NavController.swift */ = {isa = PBXFileReference; lastKnownFileType = sourcecode.swift; path = NavController.swift; sourceTree = "<group>"; };
/* End PBXFileReference section */

/* Begin PBXFrameworksBuildPhase section */
		E45797D11F706EEA00BAB6EA /* Frameworks */ = {
			isa = PBXFrameworksBuildPhase;
			buildActionMask = 2147483647;
			files = (
				E47FDC721F78FF300058B28A /* CloudKit.framework in Frameworks */,
				3972ABFC09E9C416D120B076 /* Pods_Am_I_Ready.framework in Frameworks */,
			);
			runOnlyForDeploymentPostprocessing = 0;
		};
		E45797E51F706EEB00BAB6EA /* Frameworks */ = {
			isa = PBXFrameworksBuildPhase;
			buildActionMask = 2147483647;
			files = (
				BE38179E65E8F44E766E574B /* Pods_Am_I_ReadyTests.framework in Frameworks */,
			);
			runOnlyForDeploymentPostprocessing = 0;
		};
		E45797F01F706EEB00BAB6EA /* Frameworks */ = {
			isa = PBXFrameworksBuildPhase;
			buildActionMask = 2147483647;
			files = (
				69BAB14FC35EC206FD00AC41 /* Pods_Am_I_ReadyUITests.framework in Frameworks */,
			);
			runOnlyForDeploymentPostprocessing = 0;
		};
/* End PBXFrameworksBuildPhase section */

/* Begin PBXGroup section */
		6D66DD94329527D43F397348 /* Protocols */ = {
			isa = PBXGroup;
			children = (
				6D66D593DA059B586584F15A /* Configurable.swift */,
			);
			path = Protocols;
			sourceTree = "<group>";
		};
		73FD25A9D7234DF3272D3BBD /* Network */ = {
			isa = PBXGroup;
			children = (
				73FD2366103B2391C8B7668D /* Fetcher.swift */,
			);
			path = Network;
			sourceTree = "<group>";
		};
		90C284EF2059D92F003C7401 /* Repositorys */ = {
			isa = PBXGroup;
			children = (
				90C284F02059D94E003C7401 /* UserRepository.swift */,
			);
			name = Repositorys;
			sourceTree = "<group>";
		};
		9BDE5E1B2FC7AE19C4173C27 /* Pods */ = {
			isa = PBXGroup;
			children = (
				3D315E0D966EFF5C00F10F69 /* Pods-Am I Ready.debug.xcconfig */,
				9D57B77B291C7F3B360E8AED /* Pods-Am I Ready.release.xcconfig */,
				D75E24E0BC0BA85E6736FA9D /* Pods-Am I ReadyTests.debug.xcconfig */,
				87E83F788CD6FBB701501E89 /* Pods-Am I ReadyTests.release.xcconfig */,
				C504A5E527551C379D2482B0 /* Pods-Am I ReadyUITests.debug.xcconfig */,
				63027AEEE34316FF273E5205 /* Pods-Am I ReadyUITests.release.xcconfig */,
			);
			name = Pods;
			sourceTree = "<group>";
		};
		E45797CB1F706EEA00BAB6EA = {
			isa = PBXGroup;
			children = (
				E45797D61F706EEA00BAB6EA /* Am I Ready */,
				E45797EB1F706EEB00BAB6EA /* Am I ReadyTests */,
				E45797F61F706EEB00BAB6EA /* Am I ReadyUITests */,
				E45797D51F706EEA00BAB6EA /* Products */,
				E47FDC701F78FF300058B28A /* Frameworks */,
				9BDE5E1B2FC7AE19C4173C27 /* Pods */,
			);
			sourceTree = "<group>";
		};
		E45797D51F706EEA00BAB6EA /* Products */ = {
			isa = PBXGroup;
			children = (
				E45797D41F706EEA00BAB6EA /* Am I Ready.app */,
				E45797E81F706EEB00BAB6EA /* Am I ReadyTests.xctest */,
				E45797F31F706EEB00BAB6EA /* Am I ReadyUITests.xctest */,
			);
			name = Products;
			sourceTree = "<group>";
		};
		E45797D61F706EEA00BAB6EA /* Am I Ready */ = {
			isa = PBXGroup;
			children = (
				90C284EF2059D92F003C7401 /* Repositorys */,
				E45BA046202E86230090F6DC /* R.generated.swift */,
				E47FDC6F1F78FC960058B28A /* Am I Ready.entitlements */,
				E45798051F706F7300BAB6EA /* Models */,
				E45797D71F706EEA00BAB6EA /* AppDelegate.swift */,
				E45798081F706FA700BAB6EA /* Controllers */,
				E45797DB1F706EEA00BAB6EA /* Main.storyboard */,
				E45797DE1F706EEA00BAB6EA /* Assets.xcassets */,
				E45797E01F706EEA00BAB6EA /* LaunchScreen.storyboard */,
				E45797E31F706EEA00BAB6EA /* Info.plist */,
				E457980B1F70708B00BAB6EA /* ViewModels */,
				E457980E1F71BF8700BAB6EA /* Services */,
				E45798131F74620000BAB6EA /* Views */,
				6D66DD94329527D43F397348 /* Protocols */,
				73FD25A9D7234DF3272D3BBD /* Network */,
			);
			path = "Am I Ready";
			sourceTree = "<group>";
		};
		E45797EB1F706EEB00BAB6EA /* Am I ReadyTests */ = {
			isa = PBXGroup;
			children = (
				E45797EC1F706EEB00BAB6EA /* Am_I_ReadyTests.swift */,
				E45797EE1F706EEB00BAB6EA /* Info.plist */,
			);
			path = "Am I ReadyTests";
			sourceTree = "<group>";
		};
		E45797F61F706EEB00BAB6EA /* Am I ReadyUITests */ = {
			isa = PBXGroup;
			children = (
				E45797F71F706EEB00BAB6EA /* Am_I_ReadyUITests.swift */,
				E45797F91F706EEB00BAB6EA /* Info.plist */,
			);
			path = "Am I ReadyUITests";
			sourceTree = "<group>";
		};
		E45798051F706F7300BAB6EA /* Models */ = {
			isa = PBXGroup;
			children = (
				E48666F62053C3DA00FA4EC8 /* User.swift */,
				E45798061F706F7C00BAB6EA /* Task.swift */,
				6D66D89A3D0529957C8CECE1 /* Tasks.swift */,
			);
			name = Models;
			sourceTree = "<group>";
		};
		E45798081F706FA700BAB6EA /* Controllers */ = {
			isa = PBXGroup;
			children = (
				E45797D91F706EEA00BAB6EA /* UserSelectViewController.swift */,
				6D66DAD3E7FE9DE19BF075E3 /* UserTasksViewController.swift */,
				E48666FA2053C41B00FA4EC8 /* NavController.swift */,
			);
			name = Controllers;
			sourceTree = "<group>";
		};
		E457980B1F70708B00BAB6EA /* ViewModels */ = {
			isa = PBXGroup;
			children = (
				6D66DD255889D70B4F6DD093 /* UserTaskViewModel.swift */,
				6D66D55F62CD5E581ED0F03A /* TaskHeaderCellViewModel.swift */,
			);
			name = ViewModels;
			sourceTree = "<group>";
		};
		E457980E1F71BF8700BAB6EA /* Services */ = {
			isa = PBXGroup;
			children = (
				6D66DA9AC2B79693F5F975B8 /* TaskRepository.swift */,
				73FD29073A8D3E98634AAA0E /* DateUtils.swift */,
				6D66D88905F475DE5591205C /* TaskFactory.swift */,
				6D66D3DB229A3346FA69F811 /* TaskResource.swift */,
			);
			name = Services;
			sourceTree = "<group>";
		};
		E45798131F74620000BAB6EA /* Views */ = {
			isa = PBXGroup;
			children = (
				6D66DEC8D597D487C4DE3087 /* TaskCell.swift */,
				6D66D5A8E91A2367CEC6D04B /* TaskHeaderCell.swift */,
				E48666F42053B89100FA4EC8 /* UIView+extension.swift */,
				E48666F82053C3FE00FA4EC8 /* UserSelectCell.swift */,
				6D66D85308DA029B9207165C /* RoundButton.swift */,
				6D66D2CF5384307A2CC3FE85 /* CardView.swift */,
			);
			name = Views;
			sourceTree = "<group>";
		};
		E47FDC701F78FF300058B28A /* Frameworks */ = {
			isa = PBXGroup;
			children = (
				E47FDC711F78FF300058B28A /* CloudKit.framework */,
				AE67EA413F8B5236813F7EF0 /* Pods_Am_I_Ready.framework */,
				6D83909761606EB10D1275F2 /* Pods_Am_I_ReadyTests.framework */,
				5B24DD905C50C3B2C1A0C7AD /* Pods_Am_I_ReadyUITests.framework */,
			);
			name = Frameworks;
			sourceTree = "<group>";
		};
/* End PBXGroup section */

/* Begin PBXNativeTarget section */
		E45797D31F706EEA00BAB6EA /* Am I Ready */ = {
			isa = PBXNativeTarget;
			buildConfigurationList = E45797FC1F706EEB00BAB6EA /* Build configuration list for PBXNativeTarget "Am I Ready" */;
			buildPhases = (
				B66D9BCC45BD5EACBDC2D631 /* [CP] Check Pods Manifest.lock */,
				E45BA045202E860B0090F6DC /* R.swift */,
				E45797D01F706EEA00BAB6EA /* Sources */,
				E45797D11F706EEA00BAB6EA /* Frameworks */,
				E45797D21F706EEA00BAB6EA /* Resources */,
				9025DA1820520A8E00385B06 /* Bump Build number */,
				305F89BFF75C006FF7D340C0 /* [CP] Embed Pods Frameworks */,
				99764AFB731556F0CE96B1AA /* [CP] Copy Pods Resources */,
			);
			buildRules = (
			);
			dependencies = (
			);
			name = "Am I Ready";
			productName = "Am I Ready";
			productReference = E45797D41F706EEA00BAB6EA /* Am I Ready.app */;
			productType = "com.apple.product-type.application";
		};
		E45797E71F706EEB00BAB6EA /* Am I ReadyTests */ = {
			isa = PBXNativeTarget;
			buildConfigurationList = E45797FF1F706EEB00BAB6EA /* Build configuration list for PBXNativeTarget "Am I ReadyTests" */;
			buildPhases = (
				A0BAAE9860844FCD133993CA /* [CP] Check Pods Manifest.lock */,
				E45797E41F706EEB00BAB6EA /* Sources */,
				E45797E51F706EEB00BAB6EA /* Frameworks */,
				E45797E61F706EEB00BAB6EA /* Resources */,
				022C4305C8DB5B7C3A9518D6 /* [CP] Embed Pods Frameworks */,
				D99DAC06664D1D95620D4667 /* [CP] Copy Pods Resources */,
			);
			buildRules = (
			);
			dependencies = (
				E45797EA1F706EEB00BAB6EA /* PBXTargetDependency */,
			);
			name = "Am I ReadyTests";
			productName = "Am I ReadyTests";
			productReference = E45797E81F706EEB00BAB6EA /* Am I ReadyTests.xctest */;
			productType = "com.apple.product-type.bundle.unit-test";
		};
		E45797F21F706EEB00BAB6EA /* Am I ReadyUITests */ = {
			isa = PBXNativeTarget;
			buildConfigurationList = E45798021F706EEB00BAB6EA /* Build configuration list for PBXNativeTarget "Am I ReadyUITests" */;
			buildPhases = (
				C958E63B6803C37C69212E7B /* [CP] Check Pods Manifest.lock */,
				E45797EF1F706EEB00BAB6EA /* Sources */,
				E45797F01F706EEB00BAB6EA /* Frameworks */,
				E45797F11F706EEB00BAB6EA /* Resources */,
				0D27F469CE55614555B5AC84 /* [CP] Embed Pods Frameworks */,
				9AA44E1B3A682F74111FF373 /* [CP] Copy Pods Resources */,
			);
			buildRules = (
			);
			dependencies = (
				E45797F51F706EEB00BAB6EA /* PBXTargetDependency */,
			);
			name = "Am I ReadyUITests";
			productName = "Am I ReadyUITests";
			productReference = E45797F31F706EEB00BAB6EA /* Am I ReadyUITests.xctest */;
			productType = "com.apple.product-type.bundle.ui-testing";
		};
/* End PBXNativeTarget section */

/* Begin PBXProject section */
		E45797CC1F706EEA00BAB6EA /* Project object */ = {
			isa = PBXProject;
			attributes = {
				LastSwiftUpdateCheck = 0830;
				LastUpgradeCheck = 0920;
				ORGANIZATIONNAME = "Jamie Le Souef";
				TargetAttributes = {
					E45797D31F706EEA00BAB6EA = {
						CreatedOnToolsVersion = 8.3.3;
						DevelopmentTeam = J2VZJQ63FQ;
						LastSwiftMigration = 0900;
						ProvisioningStyle = Automatic;
						SystemCapabilities = {
							com.apple.Push = {
								enabled = 1;
							};
							com.apple.iCloud = {
								enabled = 1;
							};
						};
					};
					E45797E71F706EEB00BAB6EA = {
						CreatedOnToolsVersion = 8.3.3;
						LastSwiftMigration = 0900;
						ProvisioningStyle = Automatic;
						TestTargetID = E45797D31F706EEA00BAB6EA;
					};
					E45797F21F706EEB00BAB6EA = {
						CreatedOnToolsVersion = 8.3.3;
						LastSwiftMigration = 0900;
						ProvisioningStyle = Automatic;
						TestTargetID = E45797D31F706EEA00BAB6EA;
					};
				};
			};
			buildConfigurationList = E45797CF1F706EEA00BAB6EA /* Build configuration list for PBXProject "Am I Ready" */;
			compatibilityVersion = "Xcode 3.2";
			developmentRegion = English;
			hasScannedForEncodings = 0;
			knownRegions = (
				en,
				Base,
			);
			mainGroup = E45797CB1F706EEA00BAB6EA;
			productRefGroup = E45797D51F706EEA00BAB6EA /* Products */;
			projectDirPath = "";
			projectRoot = "";
			targets = (
				E45797D31F706EEA00BAB6EA /* Am I Ready */,
				E45797E71F706EEB00BAB6EA /* Am I ReadyTests */,
				E45797F21F706EEB00BAB6EA /* Am I ReadyUITests */,
			);
		};
/* End PBXProject section */

/* Begin PBXResourcesBuildPhase section */
		E45797D21F706EEA00BAB6EA /* Resources */ = {
			isa = PBXResourcesBuildPhase;
			buildActionMask = 2147483647;
			files = (
				E45797E21F706EEA00BAB6EA /* LaunchScreen.storyboard in Resources */,
				E45797DF1F706EEA00BAB6EA /* Assets.xcassets in Resources */,
				E45797DD1F706EEA00BAB6EA /* Main.storyboard in Resources */,
			);
			runOnlyForDeploymentPostprocessing = 0;
		};
		E45797E61F706EEB00BAB6EA /* Resources */ = {
			isa = PBXResourcesBuildPhase;
			buildActionMask = 2147483647;
			files = (
			);
			runOnlyForDeploymentPostprocessing = 0;
		};
		E45797F11F706EEB00BAB6EA /* Resources */ = {
			isa = PBXResourcesBuildPhase;
			buildActionMask = 2147483647;
			files = (
			);
			runOnlyForDeploymentPostprocessing = 0;
		};
/* End PBXResourcesBuildPhase section */

/* Begin PBXShellScriptBuildPhase section */
		022C4305C8DB5B7C3A9518D6 /* [CP] Embed Pods Frameworks */ = {
			isa = PBXShellScriptBuildPhase;
			buildActionMask = 2147483647;
			files = (
			);
			inputPaths = (
			);
			name = "[CP] Embed Pods Frameworks";
			outputPaths = (
			);
			runOnlyForDeploymentPostprocessing = 0;
			shellPath = /bin/sh;
			shellScript = "\"${SRCROOT}/Pods/Target Support Files/Pods-Am I ReadyTests/Pods-Am I ReadyTests-frameworks.sh\"\n";
			showEnvVarsInLog = 0;
		};
		0D27F469CE55614555B5AC84 /* [CP] Embed Pods Frameworks */ = {
			isa = PBXShellScriptBuildPhase;
			buildActionMask = 2147483647;
			files = (
			);
			inputPaths = (
			);
			name = "[CP] Embed Pods Frameworks";
			outputPaths = (
			);
			runOnlyForDeploymentPostprocessing = 0;
			shellPath = /bin/sh;
			shellScript = "\"${SRCROOT}/Pods/Target Support Files/Pods-Am I ReadyUITests/Pods-Am I ReadyUITests-frameworks.sh\"\n";
			showEnvVarsInLog = 0;
		};
		305F89BFF75C006FF7D340C0 /* [CP] Embed Pods Frameworks */ = {
			isa = PBXShellScriptBuildPhase;
			buildActionMask = 2147483647;
			files = (
			);
			inputPaths = (
				"${SRCROOT}/Pods/Target Support Files/Pods-Am I Ready/Pods-Am I Ready-frameworks.sh",
				"${BUILT_PRODUCTS_DIR}/Alamofire/Alamofire.framework",
				"${BUILT_PRODUCTS_DIR}/PromiseKit/PromiseKit.framework",
				"${BUILT_PRODUCTS_DIR}/R.swift.Library/Rswift.framework",
				"${BUILT_PRODUCTS_DIR}/SwiftyJSON/SwiftyJSON.framework",
			);
			name = "[CP] Embed Pods Frameworks";
			outputPaths = (
				"${TARGET_BUILD_DIR}/${FRAMEWORKS_FOLDER_PATH}/Alamofire.framework",
				"${TARGET_BUILD_DIR}/${FRAMEWORKS_FOLDER_PATH}/PromiseKit.framework",
				"${TARGET_BUILD_DIR}/${FRAMEWORKS_FOLDER_PATH}/Rswift.framework",
				"${TARGET_BUILD_DIR}/${FRAMEWORKS_FOLDER_PATH}/SwiftyJSON.framework",
			);
			runOnlyForDeploymentPostprocessing = 0;
			shellPath = /bin/sh;
			shellScript = "\"${SRCROOT}/Pods/Target Support Files/Pods-Am I Ready/Pods-Am I Ready-frameworks.sh\"\n";
			showEnvVarsInLog = 0;
		};
		9025DA1820520A8E00385B06 /* Bump Build number */ = {
			isa = PBXShellScriptBuildPhase;
			buildActionMask = 2147483647;
			files = (
			);
			inputPaths = (
			);
			name = "Bump Build number";
			outputPaths = (
			);
			runOnlyForDeploymentPostprocessing = 0;
			shellPath = /bin/sh;
			shellScript = "buildNumber=$(/usr/libexec/PlistBuddy -c \"Print CFBundleVersion\" \"${PROJECT_DIR}/${INFOPLIST_FILE}\")\nbuildNumber=$(($buildNumber + 1))\n/usr/libexec/PlistBuddy -c \"Set :CFBundleVersion $buildNumber\" \"${PROJECT_DIR}/${INFOPLIST_FILE}\"";
		};
		99764AFB731556F0CE96B1AA /* [CP] Copy Pods Resources */ = {
			isa = PBXShellScriptBuildPhase;
			buildActionMask = 2147483647;
			files = (
			);
			inputPaths = (
			);
			name = "[CP] Copy Pods Resources";
			outputPaths = (
			);
			runOnlyForDeploymentPostprocessing = 0;
			shellPath = /bin/sh;
			shellScript = "\"${SRCROOT}/Pods/Target Support Files/Pods-Am I Ready/Pods-Am I Ready-resources.sh\"\n";
			showEnvVarsInLog = 0;
		};
		9AA44E1B3A682F74111FF373 /* [CP] Copy Pods Resources */ = {
			isa = PBXShellScriptBuildPhase;
			buildActionMask = 2147483647;
			files = (
			);
			inputPaths = (
			);
			name = "[CP] Copy Pods Resources";
			outputPaths = (
			);
			runOnlyForDeploymentPostprocessing = 0;
			shellPath = /bin/sh;
			shellScript = "\"${SRCROOT}/Pods/Target Support Files/Pods-Am I ReadyUITests/Pods-Am I ReadyUITests-resources.sh\"\n";
			showEnvVarsInLog = 0;
		};
		A0BAAE9860844FCD133993CA /* [CP] Check Pods Manifest.lock */ = {
			isa = PBXShellScriptBuildPhase;
			buildActionMask = 2147483647;
			files = (
			);
			inputPaths = (
				"${PODS_PODFILE_DIR_PATH}/Podfile.lock",
				"${PODS_ROOT}/Manifest.lock",
			);
			name = "[CP] Check Pods Manifest.lock";
			outputPaths = (
				"$(DERIVED_FILE_DIR)/Pods-Am I ReadyTests-checkManifestLockResult.txt",
			);
			runOnlyForDeploymentPostprocessing = 0;
			shellPath = /bin/sh;
			shellScript = "diff \"${PODS_PODFILE_DIR_PATH}/Podfile.lock\" \"${PODS_ROOT}/Manifest.lock\" > /dev/null\nif [ $? != 0 ] ; then\n    # print error to STDERR\n    echo \"error: The sandbox is not in sync with the Podfile.lock. Run 'pod install' or update your CocoaPods installation.\" >&2\n    exit 1\nfi\n# This output is used by Xcode 'outputs' to avoid re-running this script phase.\necho \"SUCCESS\" > \"${SCRIPT_OUTPUT_FILE_0}\"\n";
			showEnvVarsInLog = 0;
		};
		B66D9BCC45BD5EACBDC2D631 /* [CP] Check Pods Manifest.lock */ = {
			isa = PBXShellScriptBuildPhase;
			buildActionMask = 2147483647;
			files = (
			);
			inputPaths = (
				"${PODS_PODFILE_DIR_PATH}/Podfile.lock",
				"${PODS_ROOT}/Manifest.lock",
			);
			name = "[CP] Check Pods Manifest.lock";
			outputPaths = (
				"$(DERIVED_FILE_DIR)/Pods-Am I Ready-checkManifestLockResult.txt",
			);
			runOnlyForDeploymentPostprocessing = 0;
			shellPath = /bin/sh;
			shellScript = "diff \"${PODS_PODFILE_DIR_PATH}/Podfile.lock\" \"${PODS_ROOT}/Manifest.lock\" > /dev/null\nif [ $? != 0 ] ; then\n    # print error to STDERR\n    echo \"error: The sandbox is not in sync with the Podfile.lock. Run 'pod install' or update your CocoaPods installation.\" >&2\n    exit 1\nfi\n# This output is used by Xcode 'outputs' to avoid re-running this script phase.\necho \"SUCCESS\" > \"${SCRIPT_OUTPUT_FILE_0}\"\n";
			showEnvVarsInLog = 0;
		};
		C958E63B6803C37C69212E7B /* [CP] Check Pods Manifest.lock */ = {
			isa = PBXShellScriptBuildPhase;
			buildActionMask = 2147483647;
			files = (
			);
			inputPaths = (
				"${PODS_PODFILE_DIR_PATH}/Podfile.lock",
				"${PODS_ROOT}/Manifest.lock",
			);
			name = "[CP] Check Pods Manifest.lock";
			outputPaths = (
				"$(DERIVED_FILE_DIR)/Pods-Am I ReadyUITests-checkManifestLockResult.txt",
			);
			runOnlyForDeploymentPostprocessing = 0;
			shellPath = /bin/sh;
			shellScript = "diff \"${PODS_PODFILE_DIR_PATH}/Podfile.lock\" \"${PODS_ROOT}/Manifest.lock\" > /dev/null\nif [ $? != 0 ] ; then\n    # print error to STDERR\n    echo \"error: The sandbox is not in sync with the Podfile.lock. Run 'pod install' or update your CocoaPods installation.\" >&2\n    exit 1\nfi\n# This output is used by Xcode 'outputs' to avoid re-running this script phase.\necho \"SUCCESS\" > \"${SCRIPT_OUTPUT_FILE_0}\"\n";
			showEnvVarsInLog = 0;
		};
		D99DAC06664D1D95620D4667 /* [CP] Copy Pods Resources */ = {
			isa = PBXShellScriptBuildPhase;
			buildActionMask = 2147483647;
			files = (
			);
			inputPaths = (
			);
			name = "[CP] Copy Pods Resources";
			outputPaths = (
			);
			runOnlyForDeploymentPostprocessing = 0;
			shellPath = /bin/sh;
			shellScript = "\"${SRCROOT}/Pods/Target Support Files/Pods-Am I ReadyTests/Pods-Am I ReadyTests-resources.sh\"\n";
			showEnvVarsInLog = 0;
		};
		E45BA045202E860B0090F6DC /* R.swift */ = {
			isa = PBXShellScriptBuildPhase;
			buildActionMask = 2147483647;
			files = (
			);
			inputPaths = (
			);
			name = R.swift;
			outputPaths = (
			);
			runOnlyForDeploymentPostprocessing = 0;
			shellPath = /bin/sh;
			shellScript = "\"$PODS_ROOT/R.swift/rswift\" generate \"$SRCROOT\"";
		};
/* End PBXShellScriptBuildPhase section */

/* Begin PBXSourcesBuildPhase section */
		E45797D01F706EEA00BAB6EA /* Sources */ = {
			isa = PBXSourcesBuildPhase;
			buildActionMask = 2147483647;
			files = (
				90C284F12059D94E003C7401 /* UserRepository.swift in Sources */,
				E45797DA1F706EEA00BAB6EA /* UserSelectViewController.swift in Sources */,
				E45BA047202E86230090F6DC /* R.generated.swift in Sources */,
				E45798071F706F7C00BAB6EA /* Task.swift in Sources */,
				E48666F52053B89100FA4EC8 /* UIView+extension.swift in Sources */,
				E45797D81F706EEA00BAB6EA /* AppDelegate.swift in Sources */,
				6D66D4D80D4294C0AD348C03 /* UserTasksViewController.swift in Sources */,
				6D66DC7B54F74F9575895A5A /* TaskRepository.swift in Sources */,
				6D66D538E8A8494AE5A8690A /* UserTaskViewModel.swift in Sources */,
				6D66DC9F9AA853D8C8277B56 /* TaskCell.swift in Sources */,
				6D66DA9F9BB5ED9302A4FCBD /* Configurable.swift in Sources */,
				6D66DE2E06521E056C185221 /* TaskHeaderCell.swift in Sources */,
				6D66DBE31DFE7E950AA2DDA9 /* TaskHeaderCellViewModel.swift in Sources */,
				73FD261352E8A9EC8074CEBF /* DateUtils.swift in Sources */,
				E48666F92053C3FE00FA4EC8 /* UserSelectCell.swift in Sources */,
				E48666FB2053C41B00FA4EC8 /* NavController.swift in Sources */,
				E48666F72053C3DA00FA4EC8 /* User.swift in Sources */,
				6D66D7B5592013DD515539E7 /* TaskFactory.swift in Sources */,
				6D66DF4F2E0F0ABBD2A8F78E /* TaskResource.swift in Sources */,
				6D66DC106434900EB944D224 /* Tasks.swift in Sources */,
				6D66DBC4B9D1B7F17B23C4A3 /* RoundButton.swift in Sources */,
				6D66D68A496796506CFD6FC1 /* CardView.swift in Sources */,
				73FD2DD21E9E794D468D6523 /* Fetcher.swift in Sources */,
			);
			runOnlyForDeploymentPostprocessing = 0;
		};
		E45797E41F706EEB00BAB6EA /* Sources */ = {
			isa = PBXSourcesBuildPhase;
			buildActionMask = 2147483647;
			files = (
				E45797ED1F706EEB00BAB6EA /* Am_I_ReadyTests.swift in Sources */,
			);
			runOnlyForDeploymentPostprocessing = 0;
		};
		E45797EF1F706EEB00BAB6EA /* Sources */ = {
			isa = PBXSourcesBuildPhase;
			buildActionMask = 2147483647;
			files = (
				E45797F81F706EEB00BAB6EA /* Am_I_ReadyUITests.swift in Sources */,
			);
			runOnlyForDeploymentPostprocessing = 0;
		};
/* End PBXSourcesBuildPhase section */

/* Begin PBXTargetDependency section */
		E45797EA1F706EEB00BAB6EA /* PBXTargetDependency */ = {
			isa = PBXTargetDependency;
			target = E45797D31F706EEA00BAB6EA /* Am I Ready */;
			targetProxy = E45797E91F706EEB00BAB6EA /* PBXContainerItemProxy */;
		};
		E45797F51F706EEB00BAB6EA /* PBXTargetDependency */ = {
			isa = PBXTargetDependency;
			target = E45797D31F706EEA00BAB6EA /* Am I Ready */;
			targetProxy = E45797F41F706EEB00BAB6EA /* PBXContainerItemProxy */;
		};
/* End PBXTargetDependency section */

/* Begin PBXVariantGroup section */
		E45797DB1F706EEA00BAB6EA /* Main.storyboard */ = {
			isa = PBXVariantGroup;
			children = (
				E45797DC1F706EEA00BAB6EA /* Base */,
			);
			name = Main.storyboard;
			sourceTree = "<group>";
		};
		E45797E01F706EEA00BAB6EA /* LaunchScreen.storyboard */ = {
			isa = PBXVariantGroup;
			children = (
				E45797E11F706EEA00BAB6EA /* Base */,
			);
			name = LaunchScreen.storyboard;
			sourceTree = "<group>";
		};
/* End PBXVariantGroup section */

/* Begin XCBuildConfiguration section */
		E45797FA1F706EEB00BAB6EA /* Debug */ = {
			isa = XCBuildConfiguration;
			buildSettings = {
				ALWAYS_SEARCH_USER_PATHS = NO;
				CLANG_ANALYZER_NONNULL = YES;
				CLANG_ANALYZER_NUMBER_OBJECT_CONVERSION = YES_AGGRESSIVE;
				CLANG_CXX_LANGUAGE_STANDARD = "gnu++0x";
				CLANG_CXX_LIBRARY = "libc++";
				CLANG_ENABLE_MODULES = YES;
				CLANG_ENABLE_OBJC_ARC = YES;
				CLANG_WARN_BLOCK_CAPTURE_AUTORELEASING = YES;
				CLANG_WARN_BOOL_CONVERSION = YES;
				CLANG_WARN_COMMA = YES;
				CLANG_WARN_CONSTANT_CONVERSION = YES;
				CLANG_WARN_DIRECT_OBJC_ISA_USAGE = YES_ERROR;
				CLANG_WARN_DOCUMENTATION_COMMENTS = YES;
				CLANG_WARN_EMPTY_BODY = YES;
				CLANG_WARN_ENUM_CONVERSION = YES;
				CLANG_WARN_INFINITE_RECURSION = YES;
				CLANG_WARN_INT_CONVERSION = YES;
				CLANG_WARN_NON_LITERAL_NULL_CONVERSION = YES;
				CLANG_WARN_OBJC_LITERAL_CONVERSION = YES;
				CLANG_WARN_OBJC_ROOT_CLASS = YES_ERROR;
				CLANG_WARN_RANGE_LOOP_ANALYSIS = YES;
				CLANG_WARN_STRICT_PROTOTYPES = YES;
				CLANG_WARN_SUSPICIOUS_MOVE = YES;
				CLANG_WARN_UNREACHABLE_CODE = YES;
				CLANG_WARN__DUPLICATE_METHOD_MATCH = YES;
				"CODE_SIGN_IDENTITY[sdk=iphoneos*]" = "iPhone Developer";
				COPY_PHASE_STRIP = NO;
				DEBUG_INFORMATION_FORMAT = dwarf;
				ENABLE_STRICT_OBJC_MSGSEND = YES;
				ENABLE_TESTABILITY = YES;
				GCC_C_LANGUAGE_STANDARD = gnu99;
				GCC_DYNAMIC_NO_PIC = NO;
				GCC_NO_COMMON_BLOCKS = YES;
				GCC_OPTIMIZATION_LEVEL = 0;
				GCC_PREPROCESSOR_DEFINITIONS = (
					"DEBUG=1",
					"$(inherited)",
				);
				GCC_WARN_64_TO_32_BIT_CONVERSION = YES;
				GCC_WARN_ABOUT_RETURN_TYPE = YES_ERROR;
				GCC_WARN_UNDECLARED_SELECTOR = YES;
				GCC_WARN_UNINITIALIZED_AUTOS = YES_AGGRESSIVE;
				GCC_WARN_UNUSED_FUNCTION = YES;
				GCC_WARN_UNUSED_VARIABLE = YES;
				IPHONEOS_DEPLOYMENT_TARGET = 11.0;
				MTL_ENABLE_DEBUG_INFO = YES;
				ONLY_ACTIVE_ARCH = YES;
				SDKROOT = iphoneos;
				SWIFT_ACTIVE_COMPILATION_CONDITIONS = DEBUG;
				SWIFT_OPTIMIZATION_LEVEL = "-Onone";
			};
			name = Debug;
		};
		E45797FB1F706EEB00BAB6EA /* Release */ = {
			isa = XCBuildConfiguration;
			buildSettings = {
				ALWAYS_SEARCH_USER_PATHS = NO;
				CLANG_ANALYZER_NONNULL = YES;
				CLANG_ANALYZER_NUMBER_OBJECT_CONVERSION = YES_AGGRESSIVE;
				CLANG_CXX_LANGUAGE_STANDARD = "gnu++0x";
				CLANG_CXX_LIBRARY = "libc++";
				CLANG_ENABLE_MODULES = YES;
				CLANG_ENABLE_OBJC_ARC = YES;
				CLANG_WARN_BLOCK_CAPTURE_AUTORELEASING = YES;
				CLANG_WARN_BOOL_CONVERSION = YES;
				CLANG_WARN_COMMA = YES;
				CLANG_WARN_CONSTANT_CONVERSION = YES;
				CLANG_WARN_DIRECT_OBJC_ISA_USAGE = YES_ERROR;
				CLANG_WARN_DOCUMENTATION_COMMENTS = YES;
				CLANG_WARN_EMPTY_BODY = YES;
				CLANG_WARN_ENUM_CONVERSION = YES;
				CLANG_WARN_INFINITE_RECURSION = YES;
				CLANG_WARN_INT_CONVERSION = YES;
				CLANG_WARN_NON_LITERAL_NULL_CONVERSION = YES;
				CLANG_WARN_OBJC_LITERAL_CONVERSION = YES;
				CLANG_WARN_OBJC_ROOT_CLASS = YES_ERROR;
				CLANG_WARN_RANGE_LOOP_ANALYSIS = YES;
				CLANG_WARN_STRICT_PROTOTYPES = YES;
				CLANG_WARN_SUSPICIOUS_MOVE = YES;
				CLANG_WARN_UNREACHABLE_CODE = YES;
				CLANG_WARN__DUPLICATE_METHOD_MATCH = YES;
				"CODE_SIGN_IDENTITY[sdk=iphoneos*]" = "iPhone Developer";
				COPY_PHASE_STRIP = NO;
				DEBUG_INFORMATION_FORMAT = "dwarf-with-dsym";
				ENABLE_NS_ASSERTIONS = NO;
				ENABLE_STRICT_OBJC_MSGSEND = YES;
				GCC_C_LANGUAGE_STANDARD = gnu99;
				GCC_NO_COMMON_BLOCKS = YES;
				GCC_WARN_64_TO_32_BIT_CONVERSION = YES;
				GCC_WARN_ABOUT_RETURN_TYPE = YES_ERROR;
				GCC_WARN_UNDECLARED_SELECTOR = YES;
				GCC_WARN_UNINITIALIZED_AUTOS = YES_AGGRESSIVE;
				GCC_WARN_UNUSED_FUNCTION = YES;
				GCC_WARN_UNUSED_VARIABLE = YES;
				IPHONEOS_DEPLOYMENT_TARGET = 11.0;
				MTL_ENABLE_DEBUG_INFO = NO;
				SDKROOT = iphoneos;
				SWIFT_OPTIMIZATION_LEVEL = "-Owholemodule";
				VALIDATE_PRODUCT = YES;
			};
			name = Release;
		};
		E45797FD1F706EEB00BAB6EA /* Debug */ = {
			isa = XCBuildConfiguration;
			baseConfigurationReference = 3D315E0D966EFF5C00F10F69 /* Pods-Am I Ready.debug.xcconfig */;
			buildSettings = {
				ASSETCATALOG_COMPILER_APPICON_NAME = AppIcon;
				CODE_SIGN_ENTITLEMENTS = "Am I Ready/Am I Ready.entitlements";
				DEVELOPMENT_TEAM = J2VZJQ63FQ;
				INFOPLIST_FILE = "Am I Ready/Info.plist";
				LD_RUNPATH_SEARCH_PATHS = "$(inherited) @executable_path/Frameworks";
				PRODUCT_BUNDLE_IDENTIFIER = "com.jamielesouef.Am-I-Ready";
				PRODUCT_NAME = "$(TARGET_NAME)";
				SWIFT_SWIFT3_OBJC_INFERENCE = On;
				SWIFT_VERSION = 4.0;
			};
			name = Debug;
		};
		E45797FE1F706EEB00BAB6EA /* Release */ = {
			isa = XCBuildConfiguration;
			baseConfigurationReference = 9D57B77B291C7F3B360E8AED /* Pods-Am I Ready.release.xcconfig */;
			buildSettings = {
				ASSETCATALOG_COMPILER_APPICON_NAME = AppIcon;
				CODE_SIGN_ENTITLEMENTS = "Am I Ready/Am I Ready.entitlements";
				DEVELOPMENT_TEAM = J2VZJQ63FQ;
				INFOPLIST_FILE = "Am I Ready/Info.plist";
				LD_RUNPATH_SEARCH_PATHS = "$(inherited) @executable_path/Frameworks";
				PRODUCT_BUNDLE_IDENTIFIER = "com.jamielesouef.Am-I-Ready";
				PRODUCT_NAME = "$(TARGET_NAME)";
				SWIFT_SWIFT3_OBJC_INFERENCE = On;
				SWIFT_VERSION = 4.0;
			};
			name = Release;
		};
		E45798001F706EEB00BAB6EA /* Debug */ = {
			isa = XCBuildConfiguration;
			baseConfigurationReference = D75E24E0BC0BA85E6736FA9D /* Pods-Am I ReadyTests.debug.xcconfig */;
			buildSettings = {
				ALWAYS_EMBED_SWIFT_STANDARD_LIBRARIES = YES;
				BUNDLE_LOADER = "$(TEST_HOST)";
				INFOPLIST_FILE = "Am I ReadyTests/Info.plist";
				LD_RUNPATH_SEARCH_PATHS = "$(inherited) @executable_path/Frameworks @loader_path/Frameworks";
				PRODUCT_BUNDLE_IDENTIFIER = "com.jamielesouef.Am-I-ReadyTests";
				PRODUCT_NAME = "$(TARGET_NAME)";
				SWIFT_SWIFT3_OBJC_INFERENCE = On;
				SWIFT_VERSION = 4.0;
				TEST_HOST = "$(BUILT_PRODUCTS_DIR)/Am I Ready.app/Am I Ready";
			};
			name = Debug;
		};
		E45798011F706EEB00BAB6EA /* Release */ = {
			isa = XCBuildConfiguration;
			baseConfigurationReference = 87E83F788CD6FBB701501E89 /* Pods-Am I ReadyTests.release.xcconfig */;
			buildSettings = {
				ALWAYS_EMBED_SWIFT_STANDARD_LIBRARIES = YES;
				BUNDLE_LOADER = "$(TEST_HOST)";
				INFOPLIST_FILE = "Am I ReadyTests/Info.plist";
				LD_RUNPATH_SEARCH_PATHS = "$(inherited) @executable_path/Frameworks @loader_path/Frameworks";
				PRODUCT_BUNDLE_IDENTIFIER = "com.jamielesouef.Am-I-ReadyTests";
				PRODUCT_NAME = "$(TARGET_NAME)";
				SWIFT_SWIFT3_OBJC_INFERENCE = On;
				SWIFT_VERSION = 4.0;
				TEST_HOST = "$(BUILT_PRODUCTS_DIR)/Am I Ready.app/Am I Ready";
			};
			name = Release;
		};
		E45798031F706EEB00BAB6EA /* Debug */ = {
			isa = XCBuildConfiguration;
			baseConfigurationReference = C504A5E527551C379D2482B0 /* Pods-Am I ReadyUITests.debug.xcconfig */;
			buildSettings = {
				ALWAYS_EMBED_SWIFT_STANDARD_LIBRARIES = YES;
				INFOPLIST_FILE = "Am I ReadyUITests/Info.plist";
				LD_RUNPATH_SEARCH_PATHS = "$(inherited) @executable_path/Frameworks @loader_path/Frameworks";
				PRODUCT_BUNDLE_IDENTIFIER = "com.jamielesouef.Am-I-ReadyUITests";
				PRODUCT_NAME = "$(TARGET_NAME)";
				SWIFT_SWIFT3_OBJC_INFERENCE = On;
				SWIFT_VERSION = 4.0;
				TEST_TARGET_NAME = "Am I Ready";
			};
			name = Debug;
		};
		E45798041F706EEB00BAB6EA /* Release */ = {
			isa = XCBuildConfiguration;
			baseConfigurationReference = 63027AEEE34316FF273E5205 /* Pods-Am I ReadyUITests.release.xcconfig */;
			buildSettings = {
				ALWAYS_EMBED_SWIFT_STANDARD_LIBRARIES = YES;
				INFOPLIST_FILE = "Am I ReadyUITests/Info.plist";
				LD_RUNPATH_SEARCH_PATHS = "$(inherited) @executable_path/Frameworks @loader_path/Frameworks";
				PRODUCT_BUNDLE_IDENTIFIER = "com.jamielesouef.Am-I-ReadyUITests";
				PRODUCT_NAME = "$(TARGET_NAME)";
				SWIFT_SWIFT3_OBJC_INFERENCE = On;
				SWIFT_VERSION = 4.0;
				TEST_TARGET_NAME = "Am I Ready";
			};
			name = Release;
		};
/* End XCBuildConfiguration section */

/* Begin XCConfigurationList section */
		E45797CF1F706EEA00BAB6EA /* Build configuration list for PBXProject "Am I Ready" */ = {
			isa = XCConfigurationList;
			buildConfigurations = (
				E45797FA1F706EEB00BAB6EA /* Debug */,
				E45797FB1F706EEB00BAB6EA /* Release */,
			);
			defaultConfigurationIsVisible = 0;
			defaultConfigurationName = Release;
		};
		E45797FC1F706EEB00BAB6EA /* Build configuration list for PBXNativeTarget "Am I Ready" */ = {
			isa = XCConfigurationList;
			buildConfigurations = (
				E45797FD1F706EEB00BAB6EA /* Debug */,
				E45797FE1F706EEB00BAB6EA /* Release */,
			);
			defaultConfigurationIsVisible = 0;
			defaultConfigurationName = Release;
		};
		E45797FF1F706EEB00BAB6EA /* Build configuration list for PBXNativeTarget "Am I ReadyTests" */ = {
			isa = XCConfigurationList;
			buildConfigurations = (
				E45798001F706EEB00BAB6EA /* Debug */,
				E45798011F706EEB00BAB6EA /* Release */,
			);
			defaultConfigurationIsVisible = 0;
			defaultConfigurationName = Release;
		};
		E45798021F706EEB00BAB6EA /* Build configuration list for PBXNativeTarget "Am I ReadyUITests" */ = {
			isa = XCConfigurationList;
			buildConfigurations = (
				E45798031F706EEB00BAB6EA /* Debug */,
				E45798041F706EEB00BAB6EA /* Release */,
			);
			defaultConfigurationIsVisible = 0;
			defaultConfigurationName = Release;
		};
/* End XCConfigurationList section */
	};
	rootObject = E45797CC1F706EEA00BAB6EA /* Project object */;
}
